{
  "name": "talkjs",
  "lockfileVersion": 3,
  "requires": true,
  "packages": {
    "": {
      "dependencies": {
        "talkjs": "^0.40.1"
      }
    },
    "node_modules/talkjs": {
      "version": "0.40.1",
      "resolved": "https://registry.npmjs.org/talkjs/-/talkjs-0.40.1.tgz",
      "integrity": "sha512-nkyIDjKWXISL9BmVG7DO05TBX+0S6JzSHhZVsa5priRgFts6F5COLePMnG6er4GZIp2Zr88yRFrmaGN62deXMA==",
      "license": "SEE LICENSE IN LICENSE.md"
    }
  }
}
